
Microsoft Visual Studio Solution File, Format Version 12.00
Project("{2150E333-8FDC-42A3-9474-1A3956D46DE8}") = "Day2", "Day2", "{980BBDD3-C1F1-4FA2-B799-138F45DA28B2}"
EndProject
Project("{2150E333-8FDC-42A3-9474-1A3956D46DE8}") = "Day3", "Day3", "{C4C8C60F-D362-4BBE-96FF-8A8714C05098}"
EndProject
Project("{FAE04EC0-301F-11D3-BF4B-00C04F79EFBC}") = "Day3", "Day3\Day3\Day3.csproj", "{F8B56BE0-7E6C-493A-985B-BB4FC48252C0}"
EndProject
Project("{FAE04EC0-301F-11D3-BF4B-00C04F79EFBC}") = "Day3Test", "Day3\Day3Test\Day3Test.csproj", "{C9F928BD-DA36-4A1E-A0D6-BCF1A01CCE40}"
EndProject
Project("{FAE04EC0-301F-11D3-BF4B-00C04F79EFBC}") = "Day2", "Day2\Day2\Day2.csproj", "{5C633BB9-3047-4BDA-B602-8E5AB3B8C508}"
EndProject
Project("{FAE04EC0-301F-11D3-BF4B-00C04F79EFBC}") = "Day2Test", "Day2\Day2Test\Day2Test.csproj", "{BEDF3DA9-45D8-4662-A225-436CFEB7D543}"
EndProject
Project("{2150E333-8FDC-42A3-9474-1A3956D46DE8}") = "Day4", "Day4", "{DAC1666C-EB5F-4A3F-99CE-1BF964EE69D9}"
EndProject
Project("{FAE04EC0-301F-11D3-BF4B-00C04F79EFBC}") = "Day4", "Day4\Day4\Day4.csproj", "{01049509-FF36-4BE1-A8EF-2E70CF73AE61}"
EndProject
Project("{FAE04EC0-301F-11D3-BF4B-00C04F79EFBC}") = "Day4Test", "Day4\Day4Test\Day4Test.csproj", "{40500C3D-7A7D-4777-B2EE-FEC5C44751E2}"
EndProject
Project("{2150E333-8FDC-42A3-9474-1A3956D46DE8}") = "Day5", "Day5", "{191417EE-AA6A-4BE5-A1FF-6D2078C3499C}"
EndProject
Project("{FAE04EC0-301F-11D3-BF4B-00C04F79EFBC}") = "Day5", "Day5\Day5\Day5.csproj", "{43582BE2-F4E4-4F88-9B09-BD64EE9B8DB1}"
EndProject
Project("{FAE04EC0-301F-11D3-BF4B-00C04F79EFBC}") = "Day5Test", "Day5\Day5Test\Day5Test.csproj", "{572519CB-057C-4C24-8602-C6319864546A}"
EndProject
Global
	GlobalSection(SolutionConfigurationPlatforms) = preSolution
		Debug|Any CPU = Debug|Any CPU
		Release|Any CPU = Release|Any CPU
	EndGlobalSection
	GlobalSection(ProjectConfigurationPlatforms) = postSolution
		{F8B56BE0-7E6C-493A-985B-BB4FC48252C0}.Debug|Any CPU.ActiveCfg = Debug|Any CPU
		{F8B56BE0-7E6C-493A-985B-BB4FC48252C0}.Debug|Any CPU.Build.0 = Debug|Any CPU
		{F8B56BE0-7E6C-493A-985B-BB4FC48252C0}.Release|Any CPU.ActiveCfg = Release|Any CPU
		{F8B56BE0-7E6C-493A-985B-BB4FC48252C0}.Release|Any CPU.Build.0 = Release|Any CPU
		{C9F928BD-DA36-4A1E-A0D6-BCF1A01CCE40}.Debug|Any CPU.ActiveCfg = Debug|Any CPU
		{C9F928BD-DA36-4A1E-A0D6-BCF1A01CCE40}.Debug|Any CPU.Build.0 = Debug|Any CPU
		{C9F928BD-DA36-4A1E-A0D6-BCF1A01CCE40}.Release|Any CPU.ActiveCfg = Release|Any CPU
		{C9F928BD-DA36-4A1E-A0D6-BCF1A01CCE40}.Release|Any CPU.Build.0 = Release|Any CPU
		{5C633BB9-3047-4BDA-B602-8E5AB3B8C508}.Debug|Any CPU.ActiveCfg = Debug|Any CPU
		{5C633BB9-3047-4BDA-B602-8E5AB3B8C508}.Debug|Any CPU.Build.0 = Debug|Any CPU
		{5C633BB9-3047-4BDA-B602-8E5AB3B8C508}.Release|Any CPU.ActiveCfg = Release|Any CPU
		{5C633BB9-3047-4BDA-B602-8E5AB3B8C508}.Release|Any CPU.Build.0 = Release|Any CPU
		{BEDF3DA9-45D8-4662-A225-436CFEB7D543}.Debug|Any CPU.ActiveCfg = Debug|Any CPU
		{BEDF3DA9-45D8-4662-A225-436CFEB7D543}.Debug|Any CPU.Build.0 = Debug|Any CPU
		{BEDF3DA9-45D8-4662-A225-436CFEB7D543}.Release|Any CPU.ActiveCfg = Release|Any CPU
		{BEDF3DA9-45D8-4662-A225-436CFEB7D543}.Release|Any CPU.Build.0 = Release|Any CPU
		{01049509-FF36-4BE1-A8EF-2E70CF73AE61}.Debug|Any CPU.ActiveCfg = Debug|Any CPU
		{01049509-FF36-4BE1-A8EF-2E70CF73AE61}.Debug|Any CPU.Build.0 = Debug|Any CPU
		{01049509-FF36-4BE1-A8EF-2E70CF73AE61}.Release|Any CPU.ActiveCfg = Release|Any CPU
		{01049509-FF36-4BE1-A8EF-2E70CF73AE61}.Release|Any CPU.Build.0 = Release|Any CPU
		{40500C3D-7A7D-4777-B2EE-FEC5C44751E2}.Debug|Any CPU.ActiveCfg = Debug|Any CPU
		{40500C3D-7A7D-4777-B2EE-FEC5C44751E2}.Debug|Any CPU.Build.0 = Debug|Any CPU
		{40500C3D-7A7D-4777-B2EE-FEC5C44751E2}.Release|Any CPU.ActiveCfg = Release|Any CPU
		{40500C3D-7A7D-4777-B2EE-FEC5C44751E2}.Release|Any CPU.Build.0 = Release|Any CPU
		{43582BE2-F4E4-4F88-9B09-BD64EE9B8DB1}.Debug|Any CPU.ActiveCfg = Debug|Any CPU
		{43582BE2-F4E4-4F88-9B09-BD64EE9B8DB1}.Debug|Any CPU.Build.0 = Debug|Any CPU
		{43582BE2-F4E4-4F88-9B09-BD64EE9B8DB1}.Release|Any CPU.ActiveCfg = Release|Any CPU
		{43582BE2-F4E4-4F88-9B09-BD64EE9B8DB1}.Release|Any CPU.Build.0 = Release|Any CPU
		{572519CB-057C-4C24-8602-C6319864546A}.Debug|Any CPU.ActiveCfg = Debug|Any CPU
		{572519CB-057C-4C24-8602-C6319864546A}.Debug|Any CPU.Build.0 = Debug|Any CPU
		{572519CB-057C-4C24-8602-C6319864546A}.Release|Any CPU.ActiveCfg = Release|Any CPU
		{572519CB-057C-4C24-8602-C6319864546A}.Release|Any CPU.Build.0 = Release|Any CPU
	EndGlobalSection
	GlobalSection(NestedProjects) = preSolution
		{F8B56BE0-7E6C-493A-985B-BB4FC48252C0} = {C4C8C60F-D362-4BBE-96FF-8A8714C05098}
		{C9F928BD-DA36-4A1E-A0D6-BCF1A01CCE40} = {C4C8C60F-D362-4BBE-96FF-8A8714C05098}
		{5C633BB9-3047-4BDA-B602-8E5AB3B8C508} = {980BBDD3-C1F1-4FA2-B799-138F45DA28B2}
		{BEDF3DA9-45D8-4662-A225-436CFEB7D543} = {980BBDD3-C1F1-4FA2-B799-138F45DA28B2}
		{01049509-FF36-4BE1-A8EF-2E70CF73AE61} = {DAC1666C-EB5F-4A3F-99CE-1BF964EE69D9}
		{40500C3D-7A7D-4777-B2EE-FEC5C44751E2} = {DAC1666C-EB5F-4A3F-99CE-1BF964EE69D9}
		{43582BE2-F4E4-4F88-9B09-BD64EE9B8DB1} = {191417EE-AA6A-4BE5-A1FF-6D2078C3499C}
		{572519CB-057C-4C24-8602-C6319864546A} = {191417EE-AA6A-4BE5-A1FF-6D2078C3499C}
	EndGlobalSection
EndGlobal
